#MicroXplorer Configuration settings - do not modify
Mcu.Family=STM32F4
SH.GPXTI1.0=GPIO_EXTI1
ProjectManager.MainLocation=Src
PA6.Mode=Full_Duplex_Master
USART2.IPParameters=VirtualMode
RCC.CortexFreq_Value=84000000
ProjectManager.KeepUserCode=true
Mcu.UserName=STM32F411RETx
SPI1.VirtualType=VM_MASTER
TIM1.IPParameters=Channel-PWM Generation1 CH1,Prescaler,AutoReloadPreload,Period
RCC.PLLCLKFreq_Value=84000000
PA14.GPIO_Label=TCK
RCC.PLLQCLKFreq_Value=84000000
ProjectManager.functionlistsort=1-MX_GPIO_Init-GPIO-false-HAL-true,2-SystemClock_Config-RCC-false-HAL-false,3-MX_ADC1_Init-ADC1-false-HAL-true,4-MX_SPI1_Init-SPI1-false-HAL-true,5-MX_USART2_UART_Init-USART2-false-HAL-true,6-MX_TIM2_Init-TIM2-false-HAL-true,7-MX_TIM1_Init-TIM1-false-HAL-true
PC0.GPIOParameters=GPIO_Speed,GPIO_Label,GPIO_ModeDefaultOutputPP
NVIC.EXTI3_IRQn=true\:0\:0\:false\:false\:true\:true\:true
PC0.GPIO_Label=L6470_nBUSY_SYNC
PC3.Locked=true
RCC.RTCFreq_Value=32000
PC0.GPIO_ModeDefaultOutputPP=GPIO_MODE_OUTPUT_OD
PA3.GPIOParameters=GPIO_Label
PB6.GPIO_Label=L6470_nCS_OP2
SH.S_TIM1_CH1.ConfNb=1
PC1.Locked=true
PA2.GPIOParameters=GPIO_Label
PinOutPanel.RotationAngle=0
PB3.GPIO_Speed=GPIO_SPEED_FREQ_HIGH
RCC.SYSCLKSource=RCC_SYSCLKSOURCE_PLLCLK
ProjectManager.StackSize=0x400
PB5.GPIOParameters=GPIO_Label,GPIO_ModeDefaultEXTI
SH.GPXTI13.0=GPIO_EXTI13
SH.GPXTI2.0=GPIO_EXTI2
Mcu.IP4=SYS
RCC.FCLKCortexFreq_Value=84000000
Mcu.IP5=TIM1
NVIC.SVCall_IRQn=true\:0\:0\:false\:false\:true\:false\:false
Mcu.IP2=RCC
Mcu.IP3=SPI1
PB4.GPIOParameters=GPIO_Label
Mcu.IP0=ADC1
Mcu.IP1=NVIC
SH.GPXTI3.ConfNb=1
TIM1.Prescaler=839
SPI1.CLKPolarity=SPI_POLARITY_HIGH
Mcu.UserConstants=
PH0\ -\ OSC_IN.Signal=RCC_OSC_IN
PC1.GPIOParameters=GPIO_PuPd,GPIO_Label,GPIO_ModeDefaultEXTI
SH.GPXTI13.ConfNb=1
PH0\ -\ OSC_IN.Locked=true
Mcu.ThirdPartyNb=0
SPI1.Direction=SPI_DIRECTION_2LINES
RCC.HCLKFreq_Value=84000000
Mcu.IPNb=8
RCC.I2SClocksFreq_Value=96000000
TIM2.IPParameters=Prescaler,TIM_MasterOutputTrigger
ProjectManager.PreviousToolchain=STM32CubeIDE
RCC.APB2TimFreq_Value=84000000
PB6.Signal=GPIO_Output
RCC.VcooutputI2S=96000000
ADC1.InjNumberOfConversion=0
SPI1.CalculateBaudRate=5.25 MBits/s
PC3.Signal=GPXTI3
Mcu.Pin6=PC1
Mcu.Pin7=PC2
VP_TIM2_VS_ClockSourceINT.Signal=TIM2_VS_ClockSourceINT
Mcu.Pin8=PC3
Mcu.Pin9=PA2
RCC.AHBFreq_Value=84000000
Mcu.Pin0=PC13-ANTI_TAMP
Mcu.Pin1=PC14-OSC32_IN
GPIO.groupedBy=Group By Peripherals
Mcu.Pin2=PC15-OSC32_OUT
Mcu.Pin3=PH0 - OSC_IN
Mcu.Pin4=PH1 - OSC_OUT
NVIC.EXTI15_10_IRQn=true\:0\:0\:false\:false\:true\:true\:true
Mcu.Pin5=PC0
ADC1.Channel-0\#ChannelRegularConversion=ADC_CHANNEL_8
ProjectManager.ProjectBuild=false
RCC.HSE_VALUE=8000000
NVIC.UsageFault_IRQn=true\:0\:0\:false\:false\:true\:true\:false
NVIC.DebugMonitor_IRQn=true\:0\:0\:false\:false\:true\:true\:false
PB3.Mode=Full_Duplex_Master
PA4.Locked=true
PC1.GPIO_PuPd=GPIO_NOPULL
PC13-ANTI_TAMP.Signal=GPXTI13
NVIC.SysTick_IRQn=true\:0\:0\:true\:false\:true\:true\:true
ProjectManager.FirmwarePackage=STM32Cube FW_F4 V1.25.0
MxDb.Version=DB.5.0.60
ProjectManager.BackupPrevious=false
PC14-OSC32_IN.Mode=LSE-External-Oscillator
RCC.VCOInputFreq_Value=1000000
TIM1.Channel-PWM\ Generation1\ CH1=TIM_CHANNEL_1
PA14.Mode=Serial_Wire
NVIC.TIM2_IRQn=true\:0\:0\:false\:false\:true\:true\:true
File.Version=6
PA10.GPIO_Label=L6470_nCS_OP1
SH.ADCx_IN8.0=ADC1_IN8,IN8
PB3.GPIOParameters=GPIO_Speed
PA8.Signal=S_TIM1_CH1
PB6.Locked=true
NVIC.PendSV_IRQn=true\:0\:0\:false\:false\:true\:false\:false
PB6.GPIOParameters=GPIO_Label
ProjectManager.HalAssertFull=false
VP_TIM1_VS_ClockSourceINT.Mode=Internal
PB0.Locked=true
ADC1.SamplingTime-0\#ChannelRegularConversion=ADC_SAMPLETIME_3CYCLES
ProjectManager.ProjectName=Nucleo_F411RE_IHM02a1_PlotterGcode_v2
RCC.FLatency-AdvancedSettings=FLASH_LATENCY_2
PA13.GPIOParameters=GPIO_Label
RCC.MCO2PinFreq_Value=84000000
Mcu.Package=LQFP64
TIM2.Prescaler=8399
PA6.Signal=SPI1_MISO
PA5.Locked=true
USART2.VirtualMode=VM_ASYNC
PA14.Locked=true
ProjectManager.ToolChainLocation=
PA2.GPIO_Label=USART_TX
RCC.LSI_VALUE=32000
VP_SYS_VS_Systick.Signal=SYS_VS_Systick
SH.GPXTI5.ConfNb=1
PA10.Signal=GPIO_Output
PA5.GPIOParameters=GPIO_Label
PA10.GPIO_Speed=GPIO_SPEED_FREQ_HIGH
TIM2.TIM_MasterOutputTrigger=TIM_TRGO_UPDATE
PB5.GPIO_Label=L6470_nSTBY_nRST
NVIC.EXTI2_IRQn=true\:0\:0\:false\:false\:true\:true\:true
RCC.APB1TimFreq_Value=84000000
NVIC.BusFault_IRQn=true\:0\:0\:false\:false\:true\:true\:false
TIM1.Period=1999
PA6.GPIO_Speed=GPIO_SPEED_FREQ_HIGH
SPI1.BaudRatePrescaler=SPI_BAUDRATEPRESCALER_16
PA4.GPIO_Label=L6470_nCS_OP0
PC2.GPIO_Label=GPIO_EXTI_TRAVEL_STOP_X
ProjectManager.CustomerFirmwarePackage=
PC14-OSC32_IN.Locked=true
PB4.Signal=GPIO_Output
PC2.GPIO_ModeDefaultEXTI=GPIO_MODE_IT_FALLING
PA3.Signal=USART2_RX
PC13-ANTI_TAMP.GPIOParameters=GPIO_Label,GPIO_ModeDefaultEXTI
PA2.Locked=true
PB5.GPIO_ModeDefaultEXTI=GPIO_MODE_IT_FALLING
PA6.GPIOParameters=GPIO_Speed
PC15-OSC32_OUT.Mode=LSE-External-Oscillator
SH.GPXTI5.0=GPIO_EXTI5
ProjectManager.ProjectFileName=Nucleo_F411RE_IHM02a1_PlotterGcode_v2.ioc
ADC1.Rank-0\#ChannelRegularConversion=1
PA7.Mode=Full_Duplex_Master
Mcu.PinsNb=27
ProjectManager.NoMain=false
SPI1.IPParameters=VirtualType,Mode,Direction,CalculateBaudRate,CLKPolarity,CLKPhase,BaudRatePrescaler
PC13-ANTI_TAMP.GPIO_Label=B1 [Blue PushButton]
ADC1.IPParameters=Rank-0\#ChannelRegularConversion,master,Channel-0\#ChannelRegularConversion,SamplingTime-0\#ChannelRegularConversion,NbrOfConversionFlag,InjNumberOfConversion
PC3.GPIO_ModeDefaultEXTI=GPIO_MODE_IT_FALLING
PH1\ -\ OSC_OUT.Mode=HSE-External-Clock-Source
PC2.Signal=GPXTI2
ProjectManager.DefaultFWLocation=true
SPI1.CLKPhase=SPI_PHASE_2EDGE
ProjectManager.DeletePrevious=true
PC0.Signal=GPIO_Output
RCC.APB1CLKDivider=RCC_HCLK_DIV2
PC14-OSC32_IN.Signal=RCC_OSC32_IN
boardIOC=true
PH1\ -\ OSC_OUT.Locked=true
RCC.FamilyName=M
PC3.GPIOParameters=GPIO_PuPd,GPIO_Label,GPIO_ModeDefaultEXTI
PA3.Mode=Asynchronous
PA13.Signal=SYS_JTMS-SWDIO
TIM1.AutoReloadPreload=TIM_AUTORELOAD_PRELOAD_ENABLE
PH0\ -\ OSC_IN.Mode=HSE-External-Clock-Source
PC0.GPIO_Speed=GPIO_SPEED_FREQ_HIGH
PC15-OSC32_OUT.Locked=true
SH.S_TIM1_CH1.0=TIM1_CH1,PWM Generation1 CH1
SH.GPXTI2.ConfNb=1
ProjectManager.TargetToolchain=STM32CubeIDE
VP_TIM1_VS_ClockSourceINT.Signal=TIM1_VS_ClockSourceINT
PB5.Locked=true
RCC.VCOInputMFreq_Value=1000000
PC2.Locked=true
PC15-OSC32_OUT.Signal=RCC_OSC32_OUT
RCC.VCOI2SOutputFreq_Value=192000000
PA5.Signal=GPIO_Output
PH1\ -\ OSC_OUT.Signal=RCC_OSC_OUT
board=NUCLEO-F411RE
SH.GPXTI3.0=GPIO_EXTI3
RCC.VCOOutputFreq_Value=336000000
PC13-ANTI_TAMP.Locked=true
ProjectManager.LastFirmware=true
PA7.GPIO_Speed=GPIO_SPEED_FREQ_HIGH
RCC.APB2Freq_Value=84000000
MxCube.Version=5.6.0
PB4.GPIO_Label=L6470_nCS_OP3
VP_TIM2_VS_ClockSourceINT.Mode=Internal
SPI1.Mode=SPI_MODE_MASTER
PC2.GPIOParameters=GPIO_PuPd,GPIO_Label,GPIO_ModeDefaultEXTI
PC1.GPIO_Label=L6470_nFLAG
PA10.GPIOParameters=GPIO_Speed,GPIO_Label
VP_SYS_VS_Systick.Mode=SysTick
RCC.EthernetFreq_Value=84000000
NVIC.NonMaskableInt_IRQn=true\:0\:0\:false\:false\:true\:true\:false
PA4.GPIOParameters=GPIO_Label
PC2.GPIO_PuPd=GPIO_PULLUP
SH.ADCx_IN8.ConfNb=1
PA13.Mode=Serial_Wire
ProjectManager.FreePins=false
RCC.IPParameters=48MHZClocksFreq_Value,AHBFreq_Value,APB1CLKDivider,APB1Freq_Value,APB1TimFreq_Value,APB2Freq_Value,APB2TimFreq_Value,CortexFreq_Value,EthernetFreq_Value,FCLKCortexFreq_Value,FLatency-AdvancedSettings,FamilyName,HCLKFreq_Value,HSE_VALUE,HSI_VALUE,I2SClocksFreq_Value,LSI_VALUE,MCO2PinFreq_Value,PLLCLKFreq_Value,PLLN,PLLP,PLLQCLKFreq_Value,RTCFreq_Value,RTCHSEDivFreq_Value,SYSCLKFreq_VALUE,SYSCLKSource,VCOI2SOutputFreq_Value,VCOInputFreq_Value,VCOInputMFreq_Value,VCOOutputFreq_Value,VcooutputI2S
ProjectManager.AskForMigrate=true
Mcu.Name=STM32F411R(C-E)Tx
Mcu.Pin26=VP_TIM2_VS_ClockSourceINT
RCC.RTCHSEDivFreq_Value=4000000
PA2.Signal=USART2_TX
PA13.GPIO_Label=TMS
Mcu.Pin24=VP_SYS_VS_Systick
ProjectManager.UnderRoot=true
Mcu.Pin25=VP_TIM1_VS_ClockSourceINT
RCC.LockedElements=TimPrescOut,PeriphPrescOutput
Mcu.IP6=TIM2
Mcu.IP7=USART2
ProjectManager.CoupleFile=false
PB4.Locked=true
RCC.48MHZClocksFreq_Value=84000000
PB3.Signal=SPI1_SCK
PA4.Signal=GPIO_Output
RCC.SYSCLKFreq_VALUE=84000000
PB5.Signal=GPXTI5
Mcu.Pin22=PB5
Mcu.Pin23=PB6
Mcu.Pin20=PB3
ADC1.master=1
PA3.Locked=true
Mcu.Pin21=PB4
PA5.GPIO_Label=LD2 [Green Led]
PA10.Locked=true
NVIC.ForceEnableDMAVector=true
KeepUserPlacement=false
PA14.GPIOParameters=GPIO_Label
NVIC.MemoryManagement_IRQn=true\:0\:0\:false\:false\:true\:true\:false
PA13.Locked=true
ProjectManager.CompilerOptimize=6
PC13-ANTI_TAMP.GPIO_ModeDefaultEXTI=GPIO_MODE_IT_FALLING
PA14.Signal=SYS_JTCK-SWCLK
ProjectManager.HeapSize=0x200
Mcu.Pin15=PB0
NVIC.HardFault_IRQn=true\:0\:0\:false\:false\:true\:true\:false
Mcu.Pin16=PA8
Mcu.Pin13=PA6
Mcu.Pin14=PA7
Mcu.Pin19=PA14
ProjectManager.ComputerToolchain=false
Mcu.Pin17=PA10
RCC.HSI_VALUE=16000000
Mcu.Pin18=PA13
RCC.PLLP=RCC_PLLP_DIV4
NVIC.PriorityGroup=NVIC_PRIORITYGROUP_0
ADC1.NbrOfConversionFlag=1
Mcu.Pin11=PA4
Mcu.Pin12=PA5
RCC.PLLN=336
PC1.GPIO_ModeDefaultEXTI=GPIO_MODE_IT_FALLING
Mcu.Pin10=PA3
PA2.Mode=Asynchronous
PC3.GPIO_Label=GPIO_EXTI_TRAVEL_STOP_Y
SH.GPXTI1.ConfNb=1
RCC.APB1Freq_Value=42000000
PB0.Signal=ADCx_IN8
PA7.GPIOParameters=GPIO_Speed
PC0.Locked=true
ProjectManager.DeviceId=STM32F411RETx
PC1.Signal=GPXTI1
ProjectManager.LibraryCopy=1
PC3.GPIO_PuPd=GPIO_PULLUP
PA3.GPIO_Label=USART_RX
PA7.Signal=SPI1_MOSI
